
Microsoft Visual Studio Solution File, Format Version 12.00
# Visual Studio 2013
VisualStudioVersion = 12.0.31101.0
MinimumVisualStudioVersion = 10.0.40219.1
Project("{8BC9CEB8-8B4A-11D0-8D11-00A0C91BC942}") = "ConsoleApplication", "ConsoleApplication\ConsoleApplication.vcxproj", "{76B9E4D2-1E77-415F-8254-1D9C40763CFB}"
EndProject
Project("{8BC9CEB8-8B4A-11D0-8D11-00A0C91BC942}") = "SharedLibrary", "SharedLibrary\SharedLibrary.vcxproj", "{EC98F47B-2B8F-4556-9817-4B055357E989}"
EndProject
Project("{8BC9CEB8-8B4A-11D0-8D11-00A0C91BC942}") = "SharedLibraryExportedSymbols", "SharedLibraryExportedSymbols\SharedLibraryExportedSymbols.vcxproj", "{6286FE5D-D360-4313-9613-105BC9C2999E}"
EndProject
Project("{8BC9CEB8-8B4A-11D0-8D11-00A0C91BC942}") = "StaticLibrary", "StaticLibrary\StaticLibrary.vcxproj", "{0C3C77A5-66AB-43AA-8AA0-3EB99042B2E2}"
EndProject
Project("{8BC9CEB8-8B4A-11D0-8D11-00A0C91BC942}") = "WindowsApplication", "WindowsApplication\WindowsApplication.vcxproj", "{5F01DB4F-1982-4A4A-86C9-768077B05B4A}"
EndProject
Global
	GlobalSection(SolutionConfigurationPlatforms) = preSolution
		Debug|Win32 = Debug|Win32
		Release|Win32 = Release|Win32
	EndGlobalSection
	GlobalSection(ProjectConfigurationPlatforms) = postSolution
		{76B9E4D2-1E77-415F-8254-1D9C40763CFB}.Debug|Win32.ActiveCfg = Debug|Win32
		{76B9E4D2-1E77-415F-8254-1D9C40763CFB}.Debug|Win32.Build.0 = Debug|Win32
		{76B9E4D2-1E77-415F-8254-1D9C40763CFB}.Release|Win32.ActiveCfg = Release|Win32
		{76B9E4D2-1E77-415F-8254-1D9C40763CFB}.Release|Win32.Build.0 = Release|Win32
		{EC98F47B-2B8F-4556-9817-4B055357E989}.Debug|Win32.ActiveCfg = Debug|Win32
		{EC98F47B-2B8F-4556-9817-4B055357E989}.Debug|Win32.Build.0 = Debug|Win32
		{EC98F47B-2B8F-4556-9817-4B055357E989}.Release|Win32.ActiveCfg = Release|Win32
		{EC98F47B-2B8F-4556-9817-4B055357E989}.Release|Win32.Build.0 = Release|Win32
		{6286FE5D-D360-4313-9613-105BC9C2999E}.Debug|Win32.ActiveCfg = Debug|Win32
		{6286FE5D-D360-4313-9613-105BC9C2999E}.Debug|Win32.Build.0 = Debug|Win32
		{6286FE5D-D360-4313-9613-105BC9C2999E}.Release|Win32.ActiveCfg = Release|Win32
		{6286FE5D-D360-4313-9613-105BC9C2999E}.Release|Win32.Build.0 = Release|Win32
		{0C3C77A5-66AB-43AA-8AA0-3EB99042B2E2}.Debug|Win32.ActiveCfg = Debug|Win32
		{0C3C77A5-66AB-43AA-8AA0-3EB99042B2E2}.Debug|Win32.Build.0 = Debug|Win32
		{0C3C77A5-66AB-43AA-8AA0-3EB99042B2E2}.Release|Win32.ActiveCfg = Release|Win32
		{0C3C77A5-66AB-43AA-8AA0-3EB99042B2E2}.Release|Win32.Build.0 = Release|Win32
		{5F01DB4F-1982-4A4A-86C9-768077B05B4A}.Debug|Win32.ActiveCfg = Debug|Win32
		{5F01DB4F-1982-4A4A-86C9-768077B05B4A}.Debug|Win32.Build.0 = Debug|Win32
		{5F01DB4F-1982-4A4A-86C9-768077B05B4A}.Release|Win32.ActiveCfg = Release|Win32
		{5F01DB4F-1982-4A4A-86C9-768077B05B4A}.Release|Win32.Build.0 = Release|Win32
	EndGlobalSection
	GlobalSection(SolutionProperties) = preSolution
		HideSolutionNode = FALSE
	EndGlobalSection
EndGlobal
