// !$*UTF8*$!
{
	archiveVersion = 1;
	classes = {
	};
	objectVersion = 46;
	objects = {

/* Begin PBXBuildFile section */
		87020B401A29FD3E0097DEB9 /* StaticCocoaLibrary.h in Headers */ = {isa = PBXBuildFile; fileRef = 87020B3F1A29FD3E0097DEB9 /* StaticCocoaLibrary.h */; };
		87020B421A29FD3E0097DEB9 /* StaticCocoaLibrary.m in Sources */ = {isa = PBXBuildFile; fileRef = 87020B411A29FD3E0097DEB9 /* StaticCocoaLibrary.m */; };
		87020B481A29FD3E0097DEB9 /* libStaticCocoaLibrary.a in Frameworks */ = {isa = PBXBuildFile; fileRef = 87020B3C1A29FD3E0097DEB9 /* libStaticCocoaLibrary.a */; };
/* End PBXBuildFile section */

/* Begin PBXContainerItemProxy section */
		87020B491A29FD3E0097DEB9 /* PBXContainerItemProxy */ = {
			isa = PBXContainerItemProxy;
			containerPortal = 87020B341A29FD3E0097DEB9 /* Project object */;
			proxyType = 1;
			remoteGlobalIDString = 87020B3B1A29FD3E0097DEB9;
			remoteInfo = StaticCocoaLibrary;
		};
/* End PBXContainerItemProxy section */

/* Begin PBXFileReference section */
		87020B3C1A29FD3E0097DEB9 /* libStaticCocoaLibrary.a */ = {isa = PBXFileReference; explicitFileType = archive.ar; includeInIndex = 0; path = libStaticCocoaLibrary.a; sourceTree = BUILT_PRODUCTS_DIR; };
		87020B3F1A29FD3E0097DEB9 /* StaticCocoaLibrary.h */ = {isa = PBXFileReference; lastKnownFileType = sourcecode.c.h; path = StaticCocoaLibrary.h; sourceTree = "<group>"; };
		87020B411A29FD3E0097DEB9 /* StaticCocoaLibrary.m */ = {isa = PBXFileReference; lastKnownFileType = sourcecode.c.objc; path = StaticCocoaLibrary.m; sourceTree = "<group>"; };
		87020B471A29FD3E0097DEB9 /* StaticCocoaLibraryTests.xctest */ = {isa = PBXFileReference; explicitFileType = wrapper.cfbundle; includeInIndex = 0; path = StaticCocoaLibraryTests.xctest; sourceTree = BUILT_PRODUCTS_DIR; };
		87020B4D1A29FD3E0097DEB9 /* Info.plist */ = {isa = PBXFileReference; lastKnownFileType = text.plist.xml; path = Info.plist; sourceTree = "<group>"; };
/* End PBXFileReference section */

/* Begin PBXFrameworksBuildPhase section */
		87020B391A29FD3E0097DEB9 /* Frameworks */ = {
			isa = PBXFrameworksBuildPhase;
			buildActionMask = 2147483647;
			files = (
			);
			runOnlyForDeploymentPostprocessing = 0;
		};
		87020B441A29FD3E0097DEB9 /* Frameworks */ = {
			isa = PBXFrameworksBuildPhase;
			buildActionMask = 2147483647;
			files = (
				87020B481A29FD3E0097DEB9 /* libStaticCocoaLibrary.a in Frameworks */,
			);
			runOnlyForDeploymentPostprocessing = 0;
		};
/* End PBXFrameworksBuildPhase section */

/* Begin PBXGroup section */
		87020B331A29FD3E0097DEB9 = {
			isa = PBXGroup;
			children = (
				87020B3E1A29FD3E0097DEB9 /* StaticCocoaLibrary */,
				87020B4B1A29FD3E0097DEB9 /* StaticCocoaLibraryTests */,
				87020B3D1A29FD3E0097DEB9 /* Products */,
			);
			sourceTree = "<group>";
		};
		87020B3D1A29FD3E0097DEB9 /* Products */ = {
			isa = PBXGroup;
			children = (
				87020B3C1A29FD3E0097DEB9 /* libStaticCocoaLibrary.a */,
				87020B471A29FD3E0097DEB9 /* StaticCocoaLibraryTests.xctest */,
			);
			name = Products;
			sourceTree = "<group>";
		};
		87020B3E1A29FD3E0097DEB9 /* StaticCocoaLibrary */ = {
			isa = PBXGroup;
			children = (
				87020B3F1A29FD3E0097DEB9 /* StaticCocoaLibrary.h */,
				87020B411A29FD3E0097DEB9 /* StaticCocoaLibrary.m */,
			);
			path = StaticCocoaLibrary;
			sourceTree = "<group>";
		};
		87020B4B1A29FD3E0097DEB9 /* StaticCocoaLibraryTests */ = {
			isa = PBXGroup;
			children = (
				87020B4C1A29FD3E0097DEB9 /* Supporting Files */,
			);
			path = StaticCocoaLibraryTests;
			sourceTree = "<group>";
		};
		87020B4C1A29FD3E0097DEB9 /* Supporting Files */ = {
			isa = PBXGroup;
			children = (
				87020B4D1A29FD3E0097DEB9 /* Info.plist */,
			);
			name = "Supporting Files";
			sourceTree = "<group>";
		};
/* End PBXGroup section */

/* Begin PBXHeadersBuildPhase section */
		87020B3A1A29FD3E0097DEB9 /* Headers */ = {
			isa = PBXHeadersBuildPhase;
			buildActionMask = 2147483647;
			files = (
				87020B401A29FD3E0097DEB9 /* StaticCocoaLibrary.h in Headers */,
			);
			runOnlyForDeploymentPostprocessing = 0;
		};
/* End PBXHeadersBuildPhase section */

/* Begin PBXNativeTarget section */
		87020B3B1A29FD3E0097DEB9 /* StaticCocoaLibrary */ = {
			isa = PBXNativeTarget;
			buildConfigurationList = 87020B501A29FD3E0097DEB9 /* Build configuration list for PBXNativeTarget "StaticCocoaLibrary" */;
			buildPhases = (
				87020B381A29FD3E0097DEB9 /* Sources */,
				87020B391A29FD3E0097DEB9 /* Frameworks */,
				87020B3A1A29FD3E0097DEB9 /* Headers */,
			);
			buildRules = (
			);
			dependencies = (
			);
			name = StaticCocoaLibrary;
			productName = StaticCocoaLibrary;
			productReference = 87020B3C1A29FD3E0097DEB9 /* libStaticCocoaLibrary.a */;
			productType = "com.apple.product-type.library.static";
		};
		87020B461A29FD3E0097DEB9 /* StaticCocoaLibraryTests */ = {
			isa = PBXNativeTarget;
			buildConfigurationList = 87020B531A29FD3E0097DEB9 /* Build configuration list for PBXNativeTarget "StaticCocoaLibraryTests" */;
			buildPhases = (
				87020B431A29FD3E0097DEB9 /* Sources */,
				87020B441A29FD3E0097DEB9 /* Frameworks */,
				87020B451A29FD3E0097DEB9 /* Resources */,
			);
			buildRules = (
			);
			dependencies = (
				87020B4A1A29FD3E0097DEB9 /* PBXTargetDependency */,
			);
			name = StaticCocoaLibraryTests;
			productName = StaticCocoaLibraryTests;
			productReference = 87020B471A29FD3E0097DEB9 /* StaticCocoaLibraryTests.xctest */;
			productType = "com.apple.product-type.bundle.unit-test";
		};
/* End PBXNativeTarget section */

/* Begin PBXProject section */
		87020B341A29FD3E0097DEB9 /* Project object */ = {
			isa = PBXProject;
			attributes = {
				LastUpgradeCheck = 0610;
				ORGANIZATIONNAME = "Max Vilimpoc";
				TargetAttributes = {
					87020B3B1A29FD3E0097DEB9 = {
						CreatedOnToolsVersion = 6.1;
					};
					87020B461A29FD3E0097DEB9 = {
						CreatedOnToolsVersion = 6.1;
					};
				};
			};
			buildConfigurationList = 87020B371A29FD3E0097DEB9 /* Build configuration list for PBXProject "StaticCocoaLibrary" */;
			compatibilityVersion = "Xcode 3.2";
			developmentRegion = English;
			hasScannedForEncodings = 0;
			knownRegions = (
				en,
			);
			mainGroup = 87020B331A29FD3E0097DEB9;
			productRefGroup = 87020B3D1A29FD3E0097DEB9 /* Products */;
			projectDirPath = "";
			projectRoot = "";
			targets = (
				87020B3B1A29FD3E0097DEB9 /* StaticCocoaLibrary */,
				87020B461A29FD3E0097DEB9 /* StaticCocoaLibraryTests */,
			);
		};
/* End PBXProject section */

/* Begin PBXResourcesBuildPhase section */
		87020B451A29FD3E0097DEB9 /* Resources */ = {
			isa = PBXResourcesBuildPhase;
			buildActionMask = 2147483647;
			files = (
			);
			runOnlyForDeploymentPostprocessing = 0;
		};
/* End PBXResourcesBuildPhase section */

/* Begin PBXSourcesBuildPhase section */
		87020B381A29FD3E0097DEB9 /* Sources */ = {
			isa = PBXSourcesBuildPhase;
			buildActionMask = 2147483647;
			files = (
				87020B421A29FD3E0097DEB9 /* StaticCocoaLibrary.m in Sources */,
			);
			runOnlyForDeploymentPostprocessing = 0;
		};
		87020B431A29FD3E0097DEB9 /* Sources */ = {
			isa = PBXSourcesBuildPhase;
			buildActionMask = 2147483647;
			files = (
			);
			runOnlyForDeploymentPostprocessing = 0;
		};
/* End PBXSourcesBuildPhase section */

/* Begin PBXTargetDependency section */
		87020B4A1A29FD3E0097DEB9 /* PBXTargetDependency */ = {
			isa = PBXTargetDependency;
			target = 87020B3B1A29FD3E0097DEB9 /* StaticCocoaLibrary */;
			targetProxy = 87020B491A29FD3E0097DEB9 /* PBXContainerItemProxy */;
		};
/* End PBXTargetDependency section */

/* Begin XCBuildConfiguration section */
		87020B4E1A29FD3E0097DEB9 /* Debug */ = {
			isa = XCBuildConfiguration;
			buildSettings = {
				ALWAYS_SEARCH_USER_PATHS = NO;
				CLANG_CXX_LANGUAGE_STANDARD = "gnu++0x";
				CLANG_CXX_LIBRARY = "libc++";
				CLANG_ENABLE_MODULES = YES;
				CLANG_ENABLE_OBJC_ARC = YES;
				CLANG_WARN_BOOL_CONVERSION = YES;
				CLANG_WARN_CONSTANT_CONVERSION = YES;
				CLANG_WARN_DIRECT_OBJC_ISA_USAGE = YES_ERROR;
				CLANG_WARN_EMPTY_BODY = YES;
				CLANG_WARN_ENUM_CONVERSION = YES;
				CLANG_WARN_INT_CONVERSION = YES;
				CLANG_WARN_OBJC_ROOT_CLASS = YES_ERROR;
				CLANG_WARN_UNREACHABLE_CODE = YES;
				CLANG_WARN__DUPLICATE_METHOD_MATCH = YES;
				COPY_PHASE_STRIP = NO;
				ENABLE_STRICT_OBJC_MSGSEND = YES;
				GCC_C_LANGUAGE_STANDARD = gnu99;
				GCC_DYNAMIC_NO_PIC = NO;
				GCC_OPTIMIZATION_LEVEL = 0;
				GCC_PREPROCESSOR_DEFINITIONS = (
					"DEBUG=1",
					"$(inherited)",
				);
				GCC_SYMBOLS_PRIVATE_EXTERN = NO;
				GCC_WARN_64_TO_32_BIT_CONVERSION = YES;
				GCC_WARN_ABOUT_RETURN_TYPE = YES_ERROR;
				GCC_WARN_UNDECLARED_SELECTOR = YES;
				GCC_WARN_UNINITIALIZED_AUTOS = YES_AGGRESSIVE;
				GCC_WARN_UNUSED_FUNCTION = YES;
				GCC_WARN_UNUSED_VARIABLE = YES;
				MACOSX_DEPLOYMENT_TARGET = 10.9;
				MTL_ENABLE_DEBUG_INFO = YES;
				ONLY_ACTIVE_ARCH = YES;
				SDKROOT = macosx;
			};
			name = Debug;
		};
		87020B4F1A29FD3E0097DEB9 /* Release */ = {
			isa = XCBuildConfiguration;
			buildSettings = {
				ALWAYS_SEARCH_USER_PATHS = NO;
				CLANG_CXX_LANGUAGE_STANDARD = "gnu++0x";
				CLANG_CXX_LIBRARY = "libc++";
				CLANG_ENABLE_MODULES = YES;
				CLANG_ENABLE_OBJC_ARC = YES;
				CLANG_WARN_BOOL_CONVERSION = YES;
				CLANG_WARN_CONSTANT_CONVERSION = YES;
				CLANG_WARN_DIRECT_OBJC_ISA_USAGE = YES_ERROR;
				CLANG_WARN_EMPTY_BODY = YES;
				CLANG_WARN_ENUM_CONVERSION = YES;
				CLANG_WARN_INT_CONVERSION = YES;
				CLANG_WARN_OBJC_ROOT_CLASS = YES_ERROR;
				CLANG_WARN_UNREACHABLE_CODE = YES;
				CLANG_WARN__DUPLICATE_METHOD_MATCH = YES;
				COPY_PHASE_STRIP = YES;
				DEBUG_INFORMATION_FORMAT = "dwarf-with-dsym";
				ENABLE_NS_ASSERTIONS = NO;
				ENABLE_STRICT_OBJC_MSGSEND = YES;
				GCC_C_LANGUAGE_STANDARD = gnu99;
				GCC_WARN_64_TO_32_BIT_CONVERSION = YES;
				GCC_WARN_ABOUT_RETURN_TYPE = YES_ERROR;
				GCC_WARN_UNDECLARED_SELECTOR = YES;
				GCC_WARN_UNINITIALIZED_AUTOS = YES_AGGRESSIVE;
				GCC_WARN_UNUSED_FUNCTION = YES;
				GCC_WARN_UNUSED_VARIABLE = YES;
				MACOSX_DEPLOYMENT_TARGET = 10.9;
				MTL_ENABLE_DEBUG_INFO = NO;
				SDKROOT = macosx;
			};
			name = Release;
		};
		87020B511A29FD3E0097DEB9 /* Debug */ = {
			isa = XCBuildConfiguration;
			buildSettings = {
				EXECUTABLE_PREFIX = lib;
				PRODUCT_NAME = "$(TARGET_NAME)";
			};
			name = Debug;
		};
		87020B521A29FD3E0097DEB9 /* Release */ = {
			isa = XCBuildConfiguration;
			buildSettings = {
				EXECUTABLE_PREFIX = lib;
				PRODUCT_NAME = "$(TARGET_NAME)";
			};
			name = Release;
		};
		87020B541A29FD3E0097DEB9 /* Debug */ = {
			isa = XCBuildConfiguration;
			buildSettings = {
				COMBINE_HIDPI_IMAGES = YES;
				FRAMEWORK_SEARCH_PATHS = (
					"$(DEVELOPER_FRAMEWORKS_DIR)",
					"$(inherited)",
				);
				GCC_PREPROCESSOR_DEFINITIONS = (
					"DEBUG=1",
					"$(inherited)",
				);
				INFOPLIST_FILE = StaticCocoaLibraryTests/Info.plist;
				LD_RUNPATH_SEARCH_PATHS = "$(inherited) @executable_path/../Frameworks @loader_path/../Frameworks";
				PRODUCT_NAME = "$(TARGET_NAME)";
			};
			name = Debug;
		};
		87020B551A29FD3E0097DEB9 /* Release */ = {
			isa = XCBuildConfiguration;
			buildSettings = {
				COMBINE_HIDPI_IMAGES = YES;
				FRAMEWORK_SEARCH_PATHS = (
					"$(DEVELOPER_FRAMEWORKS_DIR)",
					"$(inherited)",
				);
				INFOPLIST_FILE = StaticCocoaLibraryTests/Info.plist;
				LD_RUNPATH_SEARCH_PATHS = "$(inherited) @executable_path/../Frameworks @loader_path/../Frameworks";
				PRODUCT_NAME = "$(TARGET_NAME)";
			};
			name = Release;
		};
/* End XCBuildConfiguration section */

/* Begin XCConfigurationList section */
		87020B371A29FD3E0097DEB9 /* Build configuration list for PBXProject "StaticCocoaLibrary" */ = {
			isa = XCConfigurationList;
			buildConfigurations = (
				87020B4E1A29FD3E0097DEB9 /* Debug */,
				87020B4F1A29FD3E0097DEB9 /* Release */,
			);
			defaultConfigurationIsVisible = 0;
			defaultConfigurationName = Release;
		};
		87020B501A29FD3E0097DEB9 /* Build configuration list for PBXNativeTarget "StaticCocoaLibrary" */ = {
			isa = XCConfigurationList;
			buildConfigurations = (
				87020B511A29FD3E0097DEB9 /* Debug */,
				87020B521A29FD3E0097DEB9 /* Release */,
			);
			defaultConfigurationIsVisible = 0;
		};
		87020B531A29FD3E0097DEB9 /* Build configuration list for PBXNativeTarget "StaticCocoaLibraryTests" */ = {
			isa = XCConfigurationList;
			buildConfigurations = (
				87020B541A29FD3E0097DEB9 /* Debug */,
				87020B551A29FD3E0097DEB9 /* Release */,
			);
			defaultConfigurationIsVisible = 0;
		};
/* End XCConfigurationList section */
	};
	rootObject = 87020B341A29FD3E0097DEB9 /* Project object */;
}
